// !$*UTF8*$!
{
	archiveVersion = 1;
	classes = {
	};
	objectVersion = 77;
	objects = {

/* Begin PBXBuildFile section */
		3D460E6C2FD878CF001964EB /* ContentView.swift in Sources */ = {isa = PBXBuildFile; fileRef = 3D460E692FD878CF001964EB /* ContentView.swift */; };
		3D460E6D2FD878CF001964EB /* SeasonApp.swift in Sources */ = {isa = PBXBuildFile; fileRef = 3D460E6A2FD878CF001964EB /* SeasonApp.swift */; };
		3D460E6E2FD878CF001964EB /* Assets.xcassets in Resources */ = {isa = PBXBuildFile; fileRef = 3D460E682FD878CF001964EB /* Assets.xcassets */; };
		3D460E782FD87929001964EB /* WeatherViewModel.swift in Sources */ = {isa = PBXBuildFile; fileRef = 3D460E772FD87928001964EB /* WeatherViewModel.swift */; };
		3D460E7A2FD8792D001964EB /* WeatherService.swift in Sources */ = {isa = PBXBuildFile; fileRef = 3D460E792FD8792C001964EB /* WeatherService.swift */; };
		3D460E7E2FD87987001964EB /* WeatherLocation.swift in Sources */ = {isa = PBXBuildFile; fileRef = 3D460E7D2FD87987001964EB /* WeatherLocation.swift */; };
		3D460E802FD87995001964EB /* WeatherResponse.swift in Sources */ = {isa = PBXBuildFile; fileRef = 3D460E7F2FD87995001964EB /* WeatherResponse.swift */; };
		3D460E832FD87B3D001964EB /* SplashView.swift in Sources */ = {isa = PBXBuildFile; fileRef = 3D460E822FD87B3D001964EB /* SplashView.swift */; };
		3D460E892FD883D0001964EB /* Secrets.plist in Resources */ = {isa = PBXBuildFile; fileRef = 3D460E882FD883D0001964EB /* Secrets.plist */; };
		3D460E8B2FD883FD001964EB /* Secrets.swift in Sources */ = {isa = PBXBuildFile; fileRef = 3D460E8A2FD883F9001964EB /* Secrets.swift */; };
/* End PBXBuildFile section */

/* Begin PBXFileReference section */
		3D460E682FD878CF001964EB /* Assets.xcassets */ = {isa = PBXFileReference; lastKnownFileType = folder.assetcatalog; path = Assets.xcassets; sourceTree = "<group>"; };
		3D460E692FD878CF001964EB /* ContentView.swift */ = {isa = PBXFileReference; lastKnownFileType = sourcecode.swift; path = ContentView.swift; sourceTree = "<group>"; };
		3D460E6A2FD878CF001964EB /* SeasonApp.swift */ = {isa = PBXFileReference; lastKnownFileType = sourcecode.swift; path = SeasonApp.swift; sourceTree = "<group>"; };
		3D460E772FD87928001964EB /* WeatherViewModel.swift */ = {isa = PBXFileReference; lastKnownFileType = sourcecode.swift; path = WeatherViewModel.swift; sourceTree = "<group>"; };
		3D460E792FD8792C001964EB /* WeatherService.swift */ = {isa = PBXFileReference; lastKnownFileType = sourcecode.swift; path = WeatherService.swift; sourceTree = "<group>"; };
		3D460E7D2FD87987001964EB /* WeatherLocation.swift */ = {isa = PBXFileReference; lastKnownFileType = sourcecode.swift; path = WeatherLocation.swift; sourceTree = "<group>"; };
		3D460E7F2FD87995001964EB /* WeatherResponse.swift */ = {isa = PBXFileReference; lastKnownFileType = sourcecode.swift; path = WeatherResponse.swift; sourceTree = "<group>"; };
		3D460E822FD87B3D001964EB /* SplashView.swift */ = {isa = PBXFileReference; lastKnownFileType = sourcecode.swift; path = SplashView.swift; sourceTree = "<group>"; };
		3D460E882FD883D0001964EB /* Secrets.plist */ = {isa = PBXFileReference; lastKnownFileType = text.plist.xml; path = Secrets.plist; sourceTree = "<group>"; };
		3D460E8A2FD883F9001964EB /* Secrets.swift */ = {isa = PBXFileReference; lastKnownFileType = sourcecode.swift; path = Secrets.swift; sourceTree = "<group>"; };
		3DF770332FD2BE84005FFF9D /* Season.app */ = {isa = PBXFileReference; explicitFileType = wrapper.application; includeInIndex = 0; path = Season.app; sourceTree = BUILT_PRODUCTS_DIR; };
/* End PBXFileReference section */

/* Begin PBXFrameworksBuildPhase section */
		3DF770302FD2BE84005FFF9D /* Frameworks */ = {
			isa = PBXFrameworksBuildPhase;
			buildActionMask = 2147483647;
			files = (
			);
			runOnlyForDeploymentPostprocessing = 0;
		};
/* End PBXFrameworksBuildPhase section */

/* Begin PBXGroup section */
		3D460E6B2FD878CF001964EB /* Season */ = {
			isa = PBXGroup;
			children = (
				3D460E8A2FD883F9001964EB /* Secrets.swift */,
				3D460E742FD87902001964EB /* Views */,
				3D460E732FD878F9001964EB /* ViewModels */,
				3D460E722FD878EB001964EB /* Services */,
				3D460E712FD878E2001964EB /* Resources */,
				3D460E702FD878D9001964EB /* Models */,
				3D460E6F2FD878D2001964EB /* App */,
				3D460E692FD878CF001964EB /* ContentView.swift */,
				3D460E882FD883D0001964EB /* Secrets.plist */,
			);
			path = Season;
			sourceTree = "<group>";
		};
		3D460E6F2FD878D2001964EB /* App */ = {
			isa = PBXGroup;
			children = (
				3D460E6A2FD878CF001964EB /* SeasonApp.swift */,
			);
			path = App;
			sourceTree = "<group>";
		};
		3D460E702FD878D9001964EB /* Models */ = {
			isa = PBXGroup;
			children = (
				3D460E7D2FD87987001964EB /* WeatherLocation.swift */,
				3D460E7F2FD87995001964EB /* WeatherResponse.swift */,
			);
			path = Models;
			sourceTree = "<group>";
		};
		3D460E712FD878E2001964EB /* Resources */ = {
			isa = PBXGroup;
			children = (
				3D460E682FD878CF001964EB /* Assets.xcassets */,
			);
			path = Resources;
			sourceTree = "<group>";
		};
		3D460E722FD878EB001964EB /* Services */ = {
			isa = PBXGroup;
			children = (
				3D460E792FD8792C001964EB /* WeatherService.swift */,
			);
			path = Services;
			sourceTree = "<group>";
		};
		3D460E732FD878F9001964EB /* ViewModels */ = {
			isa = PBXGroup;
			children = (
				3D460E772FD87928001964EB /* WeatherViewModel.swift */,
			);
			path = ViewModels;
			sourceTree = "<group>";
		};
		3D460E742FD87902001964EB /* Views */ = {
			isa = PBXGroup;
			children = (
				3D460E812FD87B25001964EB /* Splash */,
			);
			path = Views;
			sourceTree = "<group>";
		};
		3D460E812FD87B25001964EB /* Splash */ = {
			isa = PBXGroup;
			children = (
				3D460E822FD87B3D001964EB /* SplashView.swift */,
			);
			path = Splash;
			sourceTree = "<group>";
		};
		3DF7702A2FD2BE84005FFF9D = {
			isa = PBXGroup;
			children = (
				3D460E6B2FD878CF001964EB /* Season */,
				3DF770342FD2BE84005FFF9D /* Products */,
			);
			sourceTree = "<group>";
		};
		3DF770342FD2BE84005FFF9D /* Products */ = {
			isa = PBXGroup;
			children = (
				3DF770332FD2BE84005FFF9D /* Season.app */,
			);
			name = Products;
			sourceTree = "<group>";
		};
/* End PBXGroup section */

/* Begin PBXNativeTarget section */
		3DF770322FD2BE84005FFF9D /* Season */ = {
			isa = PBXNativeTarget;
			buildConfigurationList = 3DF7703E2FD2BE86005FFF9D /* Build configuration list for PBXNativeTarget "Season" */;
			buildPhases = (
				3DF7702F2FD2BE84005FFF9D /* Sources */,
				3DF770302FD2BE84005FFF9D /* Frameworks */,
				3DF770312FD2BE84005FFF9D /* Resources */,
			);
			buildRules = (
			);
			dependencies = (
			);
			name = Season;
			packageProductDependencies = (
			);
			productName = Season;
			productReference = 3DF770332FD2BE84005FFF9D /* Season.app */;
			productType = "com.apple.product-type.application";
		};
/* End PBXNativeTarget section */

/* Begin PBXProject section */
		3DF7702B2FD2BE84005FFF9D /* Project object */ = {
			isa = PBXProject;
			attributes = {
				BuildIndependentTargetsInParallel = 1;
				LastSwiftUpdateCheck = 2630;
				LastUpgradeCheck = 2630;
				TargetAttributes = {
					3DF770322FD2BE84005FFF9D = {
						CreatedOnToolsVersion = 26.3;
					};
				};
			};
			buildConfigurationList = 3DF7702E2FD2BE84005FFF9D /* Build configuration list for PBXProject "Season" */;
			developmentRegion = en;
			hasScannedForEncodings = 0;
			knownRegions = (
				en,
				Base,
			);
			mainGroup = 3DF7702A2FD2BE84005FFF9D;
			minimizedProjectReferenceProxies = 1;
			preferredProjectObjectVersion = 77;
			productRefGroup = 3DF770342FD2BE84005FFF9D /* Products */;
			projectDirPath = "";
			projectRoot = "";
			targets = (
				3DF770322FD2BE84005FFF9D /* Season */,
			);
		};
/* End PBXProject section */

/* Begin PBXResourcesBuildPhase section */
		3DF770312FD2BE84005FFF9D /* Resources */ = {
			isa = PBXResourcesBuildPhase;
			buildActionMask = 2147483647;
			files = (
				3D460E892FD883D0001964EB /* Secrets.plist in Resources */,
				3D460E6E2FD878CF001964EB /* Assets.xcassets in Resources */,
			);
			runOnlyForDeploymentPostprocessing = 0;
		};
/* End PBXResourcesBuildPhase section */

/* Begin PBXSourcesBuildPhase section */
		3DF7702F2FD2BE84005FFF9D /* Sources */ = {
			isa = PBXSourcesBuildPhase;
			buildActionMask = 2147483647;
			files = (
				3D460E7E2FD87987001964EB /* WeatherLocation.swift in Sources */,
				3D460E8B2FD883FD001964EB /* Secrets.swift in Sources */,
				3D460E7A2FD8792D001964EB /* WeatherService.swift in Sources */,
				3D460E6C2FD878CF001964EB /* ContentView.swift in Sources */,
				3D460E782FD87929001964EB /* WeatherViewModel.swift in Sources */,
				3D460E6D2FD878CF001964EB /* SeasonApp.swift in Sources */,
				3D460E802FD87995001964EB /* WeatherResponse.swift in Sources */,
				3D460E832FD87B3D001964EB /* SplashView.swift in Sources */,
			);
			runOnlyForDeploymentPostprocessing = 0;
		};
/* End PBXSourcesBuildPhase section */

/* Begin XCBuildConfiguration section */
		3DF7703C2FD2BE86005FFF9D /* Debug */ = {
			isa = XCBuildConfiguration;
			buildSettings = {
				ALWAYS_SEARCH_USER_PATHS = NO;
				ASSETCATALOG_COMPILER_GENERATE_SWIFT_ASSET_SYMBOL_EXTENSIONS = YES;
				CLANG_ANALYZER_NONNULL = YES;
				CLANG_ANALYZER_NUMBER_OBJECT_CONVERSION = YES_AGGRESSIVE;
				CLANG_CXX_LANGUAGE_STANDARD = "gnu++20";
				CLANG_ENABLE_MODULES = YES;
				CLANG_ENABLE_OBJC_ARC = YES;
				CLANG_ENABLE_OBJC_WEAK = YES;
				CLANG_WARN_BLOCK_CAPTURE_AUTORELEASING = YES;
				CLANG_WARN_BOOL_CONVERSION = YES;
				CLANG_WARN_COMMA = YES;
				CLANG_WARN_CONSTANT_CONVERSION = YES;
				CLANG_WARN_DEPRECATED_OBJC_IMPLEMENTATIONS = YES;
				CLANG_WARN_DIRECT_OBJC_ISA_USAGE = YES_ERROR;
				CLANG_WARN_DOCUMENTATION_COMMENTS = YES;
				CLANG_WARN_EMPTY_BODY = YES;
				CLANG_WARN_ENUM_CONVERSION = YES;
				CLANG_WARN_INFINITE_RECURSION = YES;
				CLANG_WARN_INT_CONVERSION = YES;
				CLANG_WARN_NON_LITERAL_NULL_CONVERSION = YES;
				CLANG_WARN_OBJC_IMPLICIT_RETAIN_SELF = YES;
				CLANG_WARN_OBJC_LITERAL_CONVERSION = YES;
				CLANG_WARN_OBJC_ROOT_CLASS = YES_ERROR;
				CLANG_WARN_QUOTED_INCLUDE_IN_FRAMEWORK_HEADER = YES;
				CLANG_WARN_RANGE_LOOP_ANALYSIS = YES;
				CLANG_WARN_STRICT_PROTOTYPES = YES;
				CLANG_WARN_SUSPICIOUS_MOVE = YES;
				CLANG_WARN_UNGUARDED_AVAILABILITY = YES_AGGRESSIVE;
				CLANG_WARN_UNREACHABLE_CODE = YES;
				CLANG_WARN__DUPLICATE_METHOD_MATCH = YES;
				COPY_PHASE_STRIP = NO;
				DEBUG_INFORMATION_FORMAT = dwarf;
				ENABLE_STRICT_OBJC_MSGSEND = YES;
				ENABLE_TESTABILITY = YES;
				ENABLE_USER_SCRIPT_SANDBOXING = YES;
				GCC_C_LANGUAGE_STANDARD = gnu17;
				GCC_DYNAMIC_NO_PIC = NO;
				GCC_NO_COMMON_BLOCKS = YES;
				GCC_OPTIMIZATION_LEVEL = 0;
				GCC_PREPROCESSOR_DEFINITIONS = (
					"DEBUG=1",
					"$(inherited)",
				);
				GCC_WARN_64_TO_32_BIT_CONVERSION = YES;
				GCC_WARN_ABOUT_RETURN_TYPE = YES_ERROR;
				GCC_WARN_UNDECLARED_SELECTOR = YES;
				GCC_WARN_UNINITIALIZED_AUTOS = YES_AGGRESSIVE;
				GCC_WARN_UNUSED_FUNCTION = YES;
				GCC_WARN_UNUSED_VARIABLE = YES;
				IPHONEOS_DEPLOYMENT_TARGET = 26.2;
				LOCALIZATION_PREFERS_STRING_CATALOGS = YES;
				MTL_ENABLE_DEBUG_INFO = INCLUDE_SOURCE;
				MTL_FAST_MATH = YES;
				ONLY_ACTIVE_ARCH = YES;
				SDKROOT = iphoneos;
				SWIFT_ACTIVE_COMPILATION_CONDITIONS = "DEBUG $(inherited)";
				SWIFT_OPTIMIZATION_LEVEL = "-Onone";
			};
			name = Debug;
		};
		3DF7703D2FD2BE86005FFF9D /* Release */ = {
			isa = XCBuildConfiguration;
			buildSettings = {
				ALWAYS_SEARCH_USER_PATHS = NO;
				ASSETCATALOG_COMPILER_GENERATE_SWIFT_ASSET_SYMBOL_EXTENSIONS = YES;
				CLANG_ANALYZER_NONNULL = YES;
				CLANG_ANALYZER_NUMBER_OBJECT_CONVERSION = YES_AGGRESSIVE;
				CLANG_CXX_LANGUAGE_STANDARD = "gnu++20";
				CLANG_ENABLE_MODULES = YES;
				CLANG_ENABLE_OBJC_ARC = YES;
				CLANG_ENABLE_OBJC_WEAK = YES;
				CLANG_WARN_BLOCK_CAPTURE_AUTORELEASING = YES;
				CLANG_WARN_BOOL_CONVERSION = YES;
				CLANG_WARN_COMMA = YES;
				CLANG_WARN_CONSTANT_CONVERSION = YES;
				CLANG_WARN_DEPRECATED_OBJC_IMPLEMENTATIONS = YES;
				CLANG_WARN_DIRECT_OBJC_ISA_USAGE = YES_ERROR;
				CLANG_WARN_DOCUMENTATION_COMMENTS = YES;
				CLANG_WARN_EMPTY_BODY = YES;
				CLANG_WARN_ENUM_CONVERSION = YES;
				CLANG_WARN_INFINITE_RECURSION = YES;
				CLANG_WARN_INT_CONVERSION = YES;
				CLANG_WARN_NON_LITERAL_NULL_CONVERSION = YES;
				CLANG_WARN_OBJC_IMPLICIT_RETAIN_SELF = YES;
				CLANG_WARN_OBJC_LITERAL_CONVERSION = YES;
				CLANG_WARN_OBJC_ROOT_CLASS = YES_ERROR;
				CLANG_WARN_QUOTED_INCLUDE_IN_FRAMEWORK_HEADER = YES;
				CLANG_WARN_RANGE_LOOP_ANALYSIS = YES;
				CLANG_WARN_STRICT_PROTOTYPES = YES;
				CLANG_WARN_SUSPICIOUS_MOVE = YES;
				CLANG_WARN_UNGUARDED_AVAILABILITY = YES_AGGRESSIVE;
				CLANG_WARN_UNREACHABLE_CODE = YES;
				CLANG_WARN__DUPLICATE_METHOD_MATCH = YES;
				COPY_PHASE_STRIP = NO;
				DEBUG_INFORMATION_FORMAT = "dwarf-with-dsym";
				ENABLE_NS_ASSERTIONS = NO;
				ENABLE_STRICT_OBJC_MSGSEND = YES;
				ENABLE_USER_SCRIPT_SANDBOXING = YES;
				GCC_C_LANGUAGE_STANDARD = gnu17;
				GCC_NO_COMMON_BLOCKS = YES;
				GCC_WARN_64_TO_32_BIT_CONVERSION = YES;
				GCC_WARN_ABOUT_RETURN_TYPE = YES_ERROR;
				GCC_WARN_UNDECLARED_SELECTOR = YES;
				GCC_WARN_UNINITIALIZED_AUTOS = YES_AGGRESSIVE;
				GCC_WARN_UNUSED_FUNCTION = YES;
				GCC_WARN_UNUSED_VARIABLE = YES;
				IPHONEOS_DEPLOYMENT_TARGET = 26.2;
				LOCALIZATION_PREFERS_STRING_CATALOGS = YES;
				MTL_ENABLE_DEBUG_INFO = NO;
				MTL_FAST_MATH = YES;
				SDKROOT = iphoneos;
				SWIFT_COMPILATION_MODE = wholemodule;
				VALIDATE_PRODUCT = YES;
			};
			name = Release;
		};
		3DF7703F2FD2BE86005FFF9D /* Debug */ = {
			isa = XCBuildConfiguration;
			buildSettings = {
				ASSETCATALOG_COMPILER_APPICON_NAME = AppIcon;
				ASSETCATALOG_COMPILER_GLOBAL_ACCENT_COLOR_NAME = AccentColor;
				CODE_SIGN_STYLE = Automatic;
				CURRENT_PROJECT_VERSION = 1;
				ENABLE_PREVIEWS = YES;
				GENERATE_INFOPLIST_FILE = YES;
				INFOPLIST_KEY_UIApplicationSceneManifest_Generation = YES;
				INFOPLIST_KEY_UIApplicationSupportsIndirectInputEvents = YES;
				INFOPLIST_KEY_UILaunchScreen_Generation = YES;
				INFOPLIST_KEY_UISupportedInterfaceOrientations_iPad = "UIInterfaceOrientationPortrait UIInterfaceOrientationPortraitUpsideDown UIInterfaceOrientationLandscapeLeft UIInterfaceOrientationLandscapeRight";
				INFOPLIST_KEY_UISupportedInterfaceOrientations_iPhone = "UIInterfaceOrientationPortrait UIInterfaceOrientationLandscapeLeft UIInterfaceOrientationLandscapeRight";
				LD_RUNPATH_SEARCH_PATHS = (
					"$(inherited)",
					"@executable_path/Frameworks",
				);
				MARKETING_VERSION = 1.0;
				PRODUCT_BUNDLE_IDENTIFIER = iOSUsingSwift.Season;
				PRODUCT_NAME = "$(TARGET_NAME)";
				STRING_CATALOG_GENERATE_SYMBOLS = YES;
				SWIFT_APPROACHABLE_CONCURRENCY = YES;
				SWIFT_DEFAULT_ACTOR_ISOLATION = MainActor;
				SWIFT_EMIT_LOC_STRINGS = YES;
				SWIFT_UPCOMING_FEATURE_MEMBER_IMPORT_VISIBILITY = YES;
				SWIFT_VERSION = 5.0;
				TARGETED_DEVICE_FAMILY = "1,2";
			};
			name = Debug;
		};
		3DF770402FD2BE86005FFF9D /* Release */ = {
			isa = XCBuildConfiguration;
			buildSettings = {
				ASSETCATALOG_COMPILER_APPICON_NAME = AppIcon;
				ASSETCATALOG_COMPILER_GLOBAL_ACCENT_COLOR_NAME = AccentColor;
				CODE_SIGN_STYLE = Automatic;
				CURRENT_PROJECT_VERSION = 1;
				ENABLE_PREVIEWS = YES;
				GENERATE_INFOPLIST_FILE = YES;
				INFOPLIST_KEY_UIApplicationSceneManifest_Generation = YES;
				INFOPLIST_KEY_UIApplicationSupportsIndirectInputEvents = YES;
				INFOPLIST_KEY_UILaunchScreen_Generation = YES;
				INFOPLIST_KEY_UISupportedInterfaceOrientations_iPad = "UIInterfaceOrientationPortrait UIInterfaceOrientationPortraitUpsideDown UIInterfaceOrientationLandscapeLeft UIInterfaceOrientationLandscapeRight";
				INFOPLIST_KEY_UISupportedInterfaceOrientations_iPhone = "UIInterfaceOrientationPortrait UIInterfaceOrientationLandscapeLeft UIInterfaceOrientationLandscapeRight";
				LD_RUNPATH_SEARCH_PATHS = (
					"$(inherited)",
					"@executable_path/Frameworks",
				);
				MARKETING_VERSION = 1.0;
				PRODUCT_BUNDLE_IDENTIFIER = iOSUsingSwift.Season;
				PRODUCT_NAME = "$(TARGET_NAME)";
				STRING_CATALOG_GENERATE_SYMBOLS = YES;
				SWIFT_APPROACHABLE_CONCURRENCY = YES;
				SWIFT_DEFAULT_ACTOR_ISOLATION = MainActor;
				SWIFT_EMIT_LOC_STRINGS = YES;
				SWIFT_UPCOMING_FEATURE_MEMBER_IMPORT_VISIBILITY = YES;
				SWIFT_VERSION = 5.0;
				TARGETED_DEVICE_FAMILY = "1,2";
			};
			name = Release;
		};
/* End XCBuildConfiguration section */

/* Begin XCConfigurationList section */
		3DF7702E2FD2BE84005FFF9D /* Build configuration list for PBXProject "Season" */ = {
			isa = XCConfigurationList;
			buildConfigurations = (
				3DF7703C2FD2BE86005FFF9D /* Debug */,
				3DF7703D2FD2BE86005FFF9D /* Release */,
			);
			defaultConfigurationIsVisible = 0;
			defaultConfigurationName = Release;
		};
		3DF7703E2FD2BE86005FFF9D /* Build configuration list for PBXNativeTarget "Season" */ = {
			isa = XCConfigurationList;
			buildConfigurations = (
				3DF7703F2FD2BE86005FFF9D /* Debug */,
				3DF770402FD2BE86005FFF9D /* Release */,
			);
			defaultConfigurationIsVisible = 0;
			defaultConfigurationName = Release;
		};
/* End XCConfigurationList section */
	};
	rootObject = 3DF7702B2FD2BE84005FFF9D /* Project object */;
}
